Microsoft Visual Studio Solution File, Format Version 12.00
# Visual Studio Version 17
VisualStudioVersion = 17.5.2.0
MinimumVisualStudioVersion = 10.0.40219.1
Project("{FAE04EC0-301F-11D3-BF4B-00C04F79EFBC}") = "CsBases", "CsBases\CsBases.csproj", "{8700B5FB-9E0F-FC10-FF22-94B4988E3614}"
EndProject
Global
	GlobalSection(SolutionConfigurationPlatforms) = preSolution
		Debug|Any CPU = Debug|Any CPU
		Release|Any CPU = Release|Any CPU
	EndGlobalSection
	GlobalSection(ProjectConfigurationPlatforms) = postSolution
		{8700B5FB-9E0F-FC10-FF22-94B4988E3614}.Debug|Any CPU.ActiveCfg = Debug|Any CPU
		{8700B5FB-9E0F-FC10-FF22-94B4988E3614}.Debug|Any CPU.Build.0 = Debug|Any CPU
		{8700B5FB-9E0F-FC10-FF22-94B4988E3614}.Release|Any CPU.ActiveCfg = Release|Any CPU
		{8700B5FB-9E0F-FC10-FF22-94B4988E3614}.Release|Any CPU.Build.0 = Release|Any CPU
	EndGlobalSection
	GlobalSection(SolutionProperties) = preSolution
		HideSolutionNode = FALSE
	EndGlobalSection
	GlobalSection(ExtensibilityGlobals) = postSolution
		SolutionGuid = {D0F97F00-511E-4EB7-A4F3-216612E64FC1}
	EndGlobalSection
EndGlobal
